
Microsoft Visual Studio Solution File, Format Version 12.00
# Visual Studio Version 16
VisualStudioVersion = 16.0.32901.82
MinimumVisualStudioVersion = 10.0.40219.1
Project("{FAE04EC0-301F-11D3-BF4B-00C04F79EFBC}") = "GroupProject_Web", "GroupProject_Web\GroupProject_Web.csproj", "{9120DA17-E65B-4644-AAA4-3780C96786F5}"
EndProject
Global
	GlobalSection(SolutionConfigurationPlatforms) = preSolution
		Debug|Any CPU = Debug|Any CPU
		Release|Any CPU = Release|Any CPU
	EndGlobalSection
	GlobalSection(ProjectConfigurationPlatforms) = postSolution
		{9120DA17-E65B-4644-AAA4-3780C96786F5}.Debug|Any CPU.ActiveCfg = Debug|Any CPU
		{9120DA17-E65B-4644-AAA4-3780C96786F5}.Debug|Any CPU.Build.0 = Debug|Any CPU
		{9120DA17-E65B-4644-AAA4-3780C96786F5}.Release|Any CPU.ActiveCfg = Release|Any CPU
		{9120DA17-E65B-4644-AAA4-3780C96786F5}.Release|Any CPU.Build.0 = Release|Any CPU
	EndGlobalSection
	GlobalSection(SolutionProperties) = preSolution
		HideSolutionNode = FALSE
	EndGlobalSection
	GlobalSection(ExtensibilityGlobals) = postSolution
		SolutionGuid = {FC4B8021-CB34-40F8-A558-80779296C292}
	EndGlobalSection
EndGlobal
